
Microsoft Visual Studio Solution File, Format Version 12.00
# Visual Studio 15
VisualStudioVersion = 15.0.27703.2042
MinimumVisualStudioVersion = 10.0.40219.1
Project("{FAE04EC0-301F-11D3-BF4B-00C04F79EFBC}") = "BackOffice", "BackOffice\BackOffice.csproj", "{943F8E9E-5193-40C4-AB0E-841B8B95A988}"
EndProject
Project("{E24C65DC-7377-472B-9ABA-BC803B73C61A}") = "WebSite", "http://localhost:59225", "{8D098B46-4C6E-461F-8A82-F4819C21B555}"
	ProjectSection(WebsiteProperties) = preProject
		UseIISExpress = "true"
		TargetFrameworkMoniker = ".NETFramework,Version%3Dv4.5"
		Debug.AspNetCompiler.VirtualPath = "/localhost_59225"
		Debug.AspNetCompiler.PhysicalPath = "WebSite\"
		Debug.AspNetCompiler.TargetPath = "PrecompiledWeb\localhost_59225\"
		Debug.AspNetCompiler.Updateable = "true"
		Debug.AspNetCompiler.ForceOverwrite = "true"
		Debug.AspNetCompiler.FixedNames = "false"
		Debug.AspNetCompiler.Debug = "True"
		Release.AspNetCompiler.VirtualPath = "/localhost_59225"
		Release.AspNetCompiler.PhysicalPath = "WebSite\"
		Release.AspNetCompiler.TargetPath = "PrecompiledWeb\localhost_59225\"
		Release.AspNetCompiler.Updateable = "true"
		Release.AspNetCompiler.ForceOverwrite = "true"
		Release.AspNetCompiler.FixedNames = "false"
		Release.AspNetCompiler.Debug = "False"
		SlnRelativePath = "WebSite\"
		DefaultWebSiteLanguage = "Visual C#"
	EndProjectSection
EndProject
Project("{FAE04EC0-301F-11D3-BF4B-00C04F79EFBC}") = "Test Framework", "Test Framework\Test Framework.csproj", "{77CDFFF9-8B9D-4B4C-BB06-9330A027136D}"
EndProject
Project("{FAE04EC0-301F-11D3-BF4B-00C04F79EFBC}") = "Class Library", "Class Library\Class Library.csproj", "{30029452-BA29-46EB-B9F5-BBF30B1F03B3}"
EndProject
Project("{2150E333-8FDC-42A3-9474-1A3956D46DE8}") = "App_Data", "App_Data", "{8BAF5406-5B11-41CD-98A4-FA564C536254}"
EndProject
Project("{00D1A9C2-B5F0-4AF3-8072-F6C62B433612}") = "CarsAuction", "CarsAuction\CarsAuction.sqlproj", "{5487A814-80BD-4396-8AF4-143C3BBF84BD}"
EndProject
Global
	GlobalSection(SolutionConfigurationPlatforms) = preSolution
		Debug|Any CPU = Debug|Any CPU
		Release|Any CPU = Release|Any CPU
	EndGlobalSection
	GlobalSection(ProjectConfigurationPlatforms) = postSolution
		{943F8E9E-5193-40C4-AB0E-841B8B95A988}.Debug|Any CPU.ActiveCfg = Debug|Any CPU
		{943F8E9E-5193-40C4-AB0E-841B8B95A988}.Debug|Any CPU.Build.0 = Debug|Any CPU
		{943F8E9E-5193-40C4-AB0E-841B8B95A988}.Release|Any CPU.ActiveCfg = Release|Any CPU
		{943F8E9E-5193-40C4-AB0E-841B8B95A988}.Release|Any CPU.Build.0 = Release|Any CPU
		{8D098B46-4C6E-461F-8A82-F4819C21B555}.Debug|Any CPU.ActiveCfg = Debug|Any CPU
		{8D098B46-4C6E-461F-8A82-F4819C21B555}.Debug|Any CPU.Build.0 = Debug|Any CPU
		{8D098B46-4C6E-461F-8A82-F4819C21B555}.Release|Any CPU.ActiveCfg = Debug|Any CPU
		{8D098B46-4C6E-461F-8A82-F4819C21B555}.Release|Any CPU.Build.0 = Debug|Any CPU
		{77CDFFF9-8B9D-4B4C-BB06-9330A027136D}.Debug|Any CPU.ActiveCfg = Debug|Any CPU
		{77CDFFF9-8B9D-4B4C-BB06-9330A027136D}.Debug|Any CPU.Build.0 = Debug|Any CPU
		{77CDFFF9-8B9D-4B4C-BB06-9330A027136D}.Release|Any CPU.ActiveCfg = Release|Any CPU
		{77CDFFF9-8B9D-4B4C-BB06-9330A027136D}.Release|Any CPU.Build.0 = Release|Any CPU
		{30029452-BA29-46EB-B9F5-BBF30B1F03B3}.Debug|Any CPU.ActiveCfg = Debug|Any CPU
		{30029452-BA29-46EB-B9F5-BBF30B1F03B3}.Debug|Any CPU.Build.0 = Debug|Any CPU
		{30029452-BA29-46EB-B9F5-BBF30B1F03B3}.Release|Any CPU.ActiveCfg = Release|Any CPU
		{30029452-BA29-46EB-B9F5-BBF30B1F03B3}.Release|Any CPU.Build.0 = Release|Any CPU
		{5487A814-80BD-4396-8AF4-143C3BBF84BD}.Debug|Any CPU.ActiveCfg = Debug|Any CPU
		{5487A814-80BD-4396-8AF4-143C3BBF84BD}.Debug|Any CPU.Build.0 = Debug|Any CPU
		{5487A814-80BD-4396-8AF4-143C3BBF84BD}.Debug|Any CPU.Deploy.0 = Debug|Any CPU
		{5487A814-80BD-4396-8AF4-143C3BBF84BD}.Release|Any CPU.ActiveCfg = Release|Any CPU
		{5487A814-80BD-4396-8AF4-143C3BBF84BD}.Release|Any CPU.Build.0 = Release|Any CPU
		{5487A814-80BD-4396-8AF4-143C3BBF84BD}.Release|Any CPU.Deploy.0 = Release|Any CPU
	EndGlobalSection
	GlobalSection(SolutionProperties) = preSolution
		HideSolutionNode = FALSE
	EndGlobalSection
	GlobalSection(NestedProjects) = preSolution
		{5487A814-80BD-4396-8AF4-143C3BBF84BD} = {8BAF5406-5B11-41CD-98A4-FA564C536254}
	EndGlobalSection
	GlobalSection(ExtensibilityGlobals) = postSolution
		SolutionGuid = {378F4071-C7C6-4F8F-963C-EB9FB7E74AEA}
	EndGlobalSection
EndGlobal
